
Microsoft Visual Studio Solution File, Format Version 12.00
# Visual Studio Version 17
VisualStudioVersion = 17.3.32929.385
MinimumVisualStudioVersion = 10.0.40219.1
Project("{9A19103F-16F7-4668-BE54-9A1E7A4F7556}") = "DemoOrderApp", "DemoOrderApp\DemoOrderApp.csproj", "{AE863756-8F00-4EC4-95D1-7BE3A5B63AB6}"
EndProject
Project("{FAE04EC0-301F-11D3-BF4B-00C04F79EFBC}") = "Domain", "Domain\Domain.csproj", "{0F422866-5566-429C-8868-85E801DFF63F}"
EndProject
Project("{FAE04EC0-301F-11D3-BF4B-00C04F79EFBC}") = "Repository", "Repository\Repository.csproj", "{67617C03-CD73-4ED4-9954-D56FEC4FE840}"
EndProject
Project("{FAE04EC0-301F-11D3-BF4B-00C04F79EFBC}") = "Bussiness", "Bussiness\Bussiness.csproj", "{A7D05688-6D7F-4E48-B0B3-B955F02F2208}"
EndProject
Global
	GlobalSection(SolutionConfigurationPlatforms) = preSolution
		Debug|Any CPU = Debug|Any CPU
		Release|Any CPU = Release|Any CPU
	EndGlobalSection
	GlobalSection(ProjectConfigurationPlatforms) = postSolution
		{AE863756-8F00-4EC4-95D1-7BE3A5B63AB6}.Debug|Any CPU.ActiveCfg = Debug|Any CPU
		{AE863756-8F00-4EC4-95D1-7BE3A5B63AB6}.Debug|Any CPU.Build.0 = Debug|Any CPU
		{AE863756-8F00-4EC4-95D1-7BE3A5B63AB6}.Release|Any CPU.ActiveCfg = Release|Any CPU
		{AE863756-8F00-4EC4-95D1-7BE3A5B63AB6}.Release|Any CPU.Build.0 = Release|Any CPU
		{0F422866-5566-429C-8868-85E801DFF63F}.Debug|Any CPU.ActiveCfg = Debug|Any CPU
		{0F422866-5566-429C-8868-85E801DFF63F}.Debug|Any CPU.Build.0 = Debug|Any CPU
		{0F422866-5566-429C-8868-85E801DFF63F}.Release|Any CPU.ActiveCfg = Release|Any CPU
		{0F422866-5566-429C-8868-85E801DFF63F}.Release|Any CPU.Build.0 = Release|Any CPU
		{67617C03-CD73-4ED4-9954-D56FEC4FE840}.Debug|Any CPU.ActiveCfg = Debug|Any CPU
		{67617C03-CD73-4ED4-9954-D56FEC4FE840}.Debug|Any CPU.Build.0 = Debug|Any CPU
		{67617C03-CD73-4ED4-9954-D56FEC4FE840}.Release|Any CPU.ActiveCfg = Release|Any CPU
		{67617C03-CD73-4ED4-9954-D56FEC4FE840}.Release|Any CPU.Build.0 = Release|Any CPU
		{A7D05688-6D7F-4E48-B0B3-B955F02F2208}.Debug|Any CPU.ActiveCfg = Debug|Any CPU
		{A7D05688-6D7F-4E48-B0B3-B955F02F2208}.Debug|Any CPU.Build.0 = Debug|Any CPU
		{A7D05688-6D7F-4E48-B0B3-B955F02F2208}.Release|Any CPU.ActiveCfg = Release|Any CPU
		{A7D05688-6D7F-4E48-B0B3-B955F02F2208}.Release|Any CPU.Build.0 = Release|Any CPU
	EndGlobalSection
	GlobalSection(SolutionProperties) = preSolution
		HideSolutionNode = FALSE
	EndGlobalSection
	GlobalSection(ExtensibilityGlobals) = postSolution
		SolutionGuid = {CDB0BA94-E66F-4B8A-874E-70D4CFA3F0DF}
	EndGlobalSection
EndGlobal
